{
  "name": "m0603_skvortsoff",
  "version": "1.1.2",
  "lockfileVersion": 1,
  "requires": true,
  "dependencies": {
    "fast-xml-parser": {
      "version": "3.20.3",
      "resolved": "https://registry.npmjs.org/fast-xml-parser/-/fast-xml-parser-3.20.3.tgz",
      "integrity": "sha512-FfHJ/QCpo4K2gquBX7dIAcmShSBG4dMtYJ3ghSiR4w7YqlUujuamrM57C+mKLNWS3mvZzmm2B2Qx8Q6Gfw+lDQ==",
      "dev": true,
      "requires": {
        "strnum": "^1.0.4"
      }
    },
    "strnum": {
      "version": "1.0.4",
      "resolved": "https://registry.npmjs.org/strnum/-/strnum-1.0.4.tgz",
      "integrity": "sha512-lMzNMfDpaQOLt4B2mEbfzYS0+T7dvCXeojnlGf6f1AygvWDMcWyXYaLbyICfjVu29sErR8fnRagQfBW/N/hGgw==",
      "dev": true
    },
    "user": {
      "version": "0.0.0",
      "resolved": "https://registry.npmjs.org/user/-/user-0.0.0.tgz",
      "integrity": "sha1-8n8bI/xRHyqO+kDbVc+6Ejgk4Co="
    }
  }
}
